PODS:
  - SBSpeechRecognizer (0.1.0)

DEPENDENCIES:
  - SBSpeechRecognizer (from `../`)

EXTERNAL SOURCES:
  SBSpeechRecognizer:
    :path: "../"

SPEC CHECKSUMS:
  SBSpeechRecognizer: 7c67ff3c2916609718e1a7e9d64b8a1454dd5551

PODFILE CHECKSUM: 8c2e0cffa69c069ee33a4e7d1dca6ea0c53ae937

COCOAPODS: 1.5.0
