PODS:
  - SBSpeechRecognizer (0.2.0)

DEPENDENCIES:
  - SBSpeechRecognizer (from `../`)

EXTERNAL SOURCES:
  SBSpeechRecognizer:
    :path: "../"

SPEC CHECKSUMS:
  SBSpeechRecognizer: b78e27c15fc9952e3b53300863c3298be10902ce

PODFILE CHECKSUM: 8c2e0cffa69c069ee33a4e7d1dca6ea0c53ae937

COCOAPODS: 1.7.2
