PODS:
  - SBSpeechRecognizer (0.1.0)

DEPENDENCIES:
  - SBSpeechRecognizer (from `../`)

EXTERNAL SOURCES:
  SBSpeechRecognizer:
    :path: "../"

SPEC CHECKSUMS:
  SBSpeechRecognizer: 7c67ff3c2916609718e1a7e9d64b8a1454dd5551

PODFILE CHECKSUM: b1dba2519427fd243d0b9cf1728735387bb53518

COCOAPODS: 1.5.0
