{
  "pins" : [
    {
      "identity" : "sbspeechrecognizer",
      "kind" : "remoteSourceControl",
      "location" : "https://github.com/simonbromberg/SBSpeechRecognizer",
      "state" : {
        "branch" : "master",
        "revision" : "a6959b2de5a8a0c0d88b714ed1718833c9886c73"
      }
    }
  ],
  "version" : 2
}
